// !$*UTF8*$!
{
	archiveVersion = 1;
	classes = {
	};
	objectVersion = 46;
	objects = {

/* Begin PBXBuildFile section */
		7AD5B2FC0F28E3AE5FF48D1B /* inheritTest.swift in Sources */ = {isa = PBXBuildFile; fileRef = 7AD5B2C4F56B9AD75126E821 /* inheritTest.swift */; };
		7AD5BE6A49CC694E558B48BC /* initializeTest.swift in Sources */ = {isa = PBXBuildFile; fileRef = 7AD5BA30396C3443EB27E94E /* initializeTest.swift */; };
		D25899E483B7115E73618E30 /* subscriptTest.swift in Sources */ = {isa = PBXBuildFile; fileRef = D2589B4B182053B3509CA035 /* subscriptTest.swift */; };
		D2589D99558872D9EB2C0F7C /* main.swift in Sources */ = {isa = PBXBuildFile; fileRef = D258943109CCD08534981EF6 /* main.swift */; };
/* End PBXBuildFile section */

/* Begin PBXCopyFilesBuildPhase section */
		D25893944F4D3D459ED52CB2 /* CopyFiles */ = {
			isa = PBXCopyFilesBuildPhase;
			buildActionMask = 2147483647;
			dstPath = /usr/share/man/man1/;
			dstSubfolderSpec = 0;
			files = (
			);
			runOnlyForDeploymentPostprocessing = 1;
		};
/* End PBXCopyFilesBuildPhase section */

/* Begin PBXFileReference section */
		7AD5B2C4F56B9AD75126E821 /* inheritTest.swift */ = {isa = PBXFileReference; fileEncoding = 4; lastKnownFileType = sourcecode.swift; path = inheritTest.swift; sourceTree = "<group>"; };
		7AD5BA30396C3443EB27E94E /* initializeTest.swift */ = {isa = PBXFileReference; fileEncoding = 4; lastKnownFileType = sourcecode.swift; path = initializeTest.swift; sourceTree = "<group>"; };
		D258943109CCD08534981EF6 /* main.swift */ = {isa = PBXFileReference; lastKnownFileType = sourcecode.swift; path = main.swift; sourceTree = "<group>"; };
		D2589B4B182053B3509CA035 /* subscriptTest.swift */ = {isa = PBXFileReference; fileEncoding = 4; lastKnownFileType = sourcecode.swift; path = subscriptTest.swift; sourceTree = "<group>"; };
		D2589FFD57BA8C1BC9EF0A33 /* swiftLearn */ = {isa = PBXFileReference; explicitFileType = "compiled.mach-o.executable"; includeInIndex = 0; path = swiftLearn; sourceTree = BUILT_PRODUCTS_DIR; };
/* End PBXFileReference section */

/* Begin PBXFrameworksBuildPhase section */
		D258987B5284B06E440DF31B /* Frameworks */ = {
			isa = PBXFrameworksBuildPhase;
			buildActionMask = 2147483647;
			files = (
			);
			runOnlyForDeploymentPostprocessing = 0;
		};
/* End PBXFrameworksBuildPhase section */

/* Begin PBXGroup section */
		D25890F45EECFEBC99514FC9 = {
			isa = PBXGroup;
			children = (
				D258950EE0222D4055B3AB47 /* Products */,
				D258964AEA7DC8E573124609 /* swiftLearn */,
			);
			sourceTree = "<group>";
		};
		D258950EE0222D4055B3AB47 /* Products */ = {
			isa = PBXGroup;
			children = (
				D2589FFD57BA8C1BC9EF0A33 /* swiftLearn */,
			);
			name = Products;
			sourceTree = "<group>";
		};
		D258964AEA7DC8E573124609 /* swiftLearn */ = {
			isa = PBXGroup;
			children = (
				D258943109CCD08534981EF6 /* main.swift */,
				D2589B4B182053B3509CA035 /* subscriptTest.swift */,
				7AD5B2C4F56B9AD75126E821 /* inheritTest.swift */,
				7AD5BA30396C3443EB27E94E /* initializeTest.swift */,
			);
			path = swiftLearn;
			sourceTree = "<group>";
		};
/* End PBXGroup section */

/* Begin PBXNativeTarget section */
		D2589E110FD1305F0A0FF5E2 /* swiftLearn */ = {
			isa = PBXNativeTarget;
			buildConfigurationList = D2589A1423F3AAFC28E1C393 /* Build configuration list for PBXNativeTarget "swiftLearn" */;
			buildPhases = (
				D2589E4C955EDDCC1C5EF449 /* Sources */,
				D258987B5284B06E440DF31B /* Frameworks */,
				D25893944F4D3D459ED52CB2 /* CopyFiles */,
			);
			buildRules = (
			);
			dependencies = (
			);
			name = swiftLearn;
			productName = swiftLearn;
			productReference = D2589FFD57BA8C1BC9EF0A33 /* swiftLearn */;
			productType = "com.apple.product-type.tool";
		};
/* End PBXNativeTarget section */

/* Begin PBXProject section */
		D258965C50A6773E52ABDFDF /* Project object */ = {
			isa = PBXProject;
			attributes = {
				ORGANIZATIONNAME = "___FULLUSERNAME___";
			};
			buildConfigurationList = D258940A1AEB5ECEB1457B71 /* Build configuration list for PBXProject "swiftLearn" */;
			compatibilityVersion = "Xcode 3.2";
			developmentRegion = English;
			hasScannedForEncodings = 0;
			knownRegions = (
				en,
			);
			mainGroup = D25890F45EECFEBC99514FC9;
			productRefGroup = D258950EE0222D4055B3AB47 /* Products */;
			projectDirPath = "";
			projectRoot = "";
			targets = (
				D2589E110FD1305F0A0FF5E2 /* swiftLearn */,
			);
		};
/* End PBXProject section */

/* Begin PBXSourcesBuildPhase section */
		D2589E4C955EDDCC1C5EF449 /* Sources */ = {
			isa = PBXSourcesBuildPhase;
			buildActionMask = 2147483647;
			files = (
				D2589D99558872D9EB2C0F7C /* main.swift in Sources */,
				D25899E483B7115E73618E30 /* subscriptTest.swift in Sources */,
				7AD5B2FC0F28E3AE5FF48D1B /* inheritTest.swift in Sources */,
				7AD5BE6A49CC694E558B48BC /* initializeTest.swift in Sources */,
			);
			runOnlyForDeploymentPostprocessing = 0;
		};
/* End PBXSourcesBuildPhase section */

/* Begin XCBuildConfiguration section */
		D25892CDCBF9743428BD2EF8 /* Debug */ = {
			isa = XCBuildConfiguration;
			buildSettings = {
				ALWAYS_SEARCH_USER_PATHS = NO;
				CLANG_CXX_LANGUAGE_STANDARD = "gnu++0x";
				CLANG_CXX_LIBRARY = "libc++";
				CLANG_ENABLE_MODULES = YES;
				CLANG_ENABLE_OBJC_ARC = YES;
				CLANG_WARN_BOOL_CONVERSION = YES;
				CLANG_WARN_CONSTANT_CONVERSION = YES;
				CLANG_WARN_DIRECT_OBJC_ISA_USAGE = YES_ERROR;
				CLANG_WARN_EMPTY_BODY = YES;
				CLANG_WARN_ENUM_CONVERSION = YES;
				CLANG_WARN_INT_CONVERSION = YES;
				CLANG_WARN_OBJC_ROOT_CLASS = YES_ERROR;
				CLANG_WARN_UNREACHABLE_CODE = YES;
				CLANG_WARN__DUPLICATE_METHOD_MATCH = YES;
				CODE_SIGN_IDENTITY = "-";
				COPY_PHASE_STRIP = NO;
				DEBUG_INFORMATION_FORMAT = dwarf;
				ENABLE_STRICT_OBJC_MSGSEND = YES;
				ENABLE_TESTABILITY = YES;
				GCC_C_LANGUAGE_STANDARD = gnu99;
				GCC_DYNAMIC_NO_PIC = NO;
				GCC_NO_COMMON_BLOCKS = YES;
				GCC_OPTIMIZATION_LEVEL = 0;
				GCC_PREPROCESSOR_DEFINITIONS = (
					"DEBUG=1",
					"$(inherited)",
				);
				GCC_WARN_64_TO_32_BIT_CONVERSION = YES;
				GCC_WARN_ABOUT_RETURN_TYPE = YES_ERROR;
				GCC_WARN_UNDECLARED_SELECTOR = YES;
				GCC_WARN_UNINITIALIZED_AUTOS = YES_AGGRESSIVE;
				GCC_WARN_UNUSED_FUNCTION = YES;
				GCC_WARN_UNUSED_VARIABLE = YES;
				MACOSX_DEPLOYMENT_TARGET = 10.10;
				MTL_ENABLE_DEBUG_INFO = YES;
				ONLY_ACTIVE_ARCH = YES;
				SDKROOT = macosx;
				SWIFT_OPTIMIZATION_LEVEL = "-Onone";
			};
			name = Debug;
		};
		D258951D3A6A3717778CE7BF /* Release */ = {
			isa = XCBuildConfiguration;
			buildSettings = {
				ALWAYS_SEARCH_USER_PATHS = NO;
				CLANG_CXX_LANGUAGE_STANDARD = "gnu++0x";
				CLANG_CXX_LIBRARY = "libc++";
				CLANG_ENABLE_MODULES = YES;
				CLANG_ENABLE_OBJC_ARC = YES;
				CLANG_WARN_BOOL_CONVERSION = YES;
				CLANG_WARN_CONSTANT_CONVERSION = YES;
				CLANG_WARN_DIRECT_OBJC_ISA_USAGE = YES_ERROR;
				CLANG_WARN_EMPTY_BODY = YES;
				CLANG_WARN_ENUM_CONVERSION = YES;
				CLANG_WARN_INT_CONVERSION = YES;
				CLANG_WARN_OBJC_ROOT_CLASS = YES_ERROR;
				CLANG_WARN_UNREACHABLE_CODE = YES;
				CLANG_WARN__DUPLICATE_METHOD_MATCH = YES;
				CODE_SIGN_IDENTITY = "-";
				COPY_PHASE_STRIP = NO;
				DEBUG_INFORMATION_FORMAT = "dwarf-with-dsym";
				ENABLE_NS_ASSERTIONS = NO;
				ENABLE_STRICT_OBJC_MSGSEND = YES;
				GCC_C_LANGUAGE_STANDARD = gnu99;
				GCC_NO_COMMON_BLOCKS = YES;
				GCC_WARN_64_TO_32_BIT_CONVERSION = YES;
				GCC_WARN_ABOUT_RETURN_TYPE = YES_ERROR;
				GCC_WARN_UNDECLARED_SELECTOR = YES;
				GCC_WARN_UNINITIALIZED_AUTOS = YES_AGGRESSIVE;
				GCC_WARN_UNUSED_FUNCTION = YES;
				GCC_WARN_UNUSED_VARIABLE = YES;
				MACOSX_DEPLOYMENT_TARGET = 10.10;
				MTL_ENABLE_DEBUG_INFO = NO;
				SDKROOT = macosx;
			};
			name = Release;
		};
		D258989D66B4FEBADB8553DB /* Debug */ = {
			isa = XCBuildConfiguration;
			buildSettings = {
				PRODUCT_NAME = "$(TARGET_NAME)";
			};
			name = Debug;
		};
		D2589963395DE296A3B704F2 /* Release */ = {
			isa = XCBuildConfiguration;
			buildSettings = {
				PRODUCT_NAME = "$(TARGET_NAME)";
			};
			name = Release;
		};
/* End XCBuildConfiguration section */

/* Begin XCConfigurationList section */
		D258940A1AEB5ECEB1457B71 /* Build configuration list for PBXProject "swiftLearn" */ = {
			isa = XCConfigurationList;
			buildConfigurations = (
				D25892CDCBF9743428BD2EF8 /* Debug */,
				D258951D3A6A3717778CE7BF /* Release */,
			);
			defaultConfigurationIsVisible = 0;
			defaultConfigurationName = Release;
		};
		D2589A1423F3AAFC28E1C393 /* Build configuration list for PBXNativeTarget "swiftLearn" */ = {
			isa = XCConfigurationList;
			buildConfigurations = (
				D258989D66B4FEBADB8553DB /* Debug */,
				D2589963395DE296A3B704F2 /* Release */,
			);
			defaultConfigurationIsVisible = 0;
		};
/* End XCConfigurationList section */
	};
	rootObject = D258965C50A6773E52ABDFDF /* Project object */;
}
